
Microsoft Visual Studio Solution File, Format Version 12.00
# Visual Studio Version 16
VisualStudioVersion = 16.0.29926.136
MinimumVisualStudioVersion = 10.0.40219.1
Project("{9A19103F-16F7-4668-BE54-9A1E7A4F7556}") = "PiranhaCMS.PublicWeb", "PiranhaCms.PublicWeb\PiranhaCMS.PublicWeb.csproj", "{BCE4C9AB-5076-4E14-A8D7-BE0EC80B1BD9}"
EndProject
Project("{9A19103F-16F7-4668-BE54-9A1E7A4F7556}") = "PiranhaCMS.Search", "PiranhaCMS.Search\PiranhaCMS.Search.csproj", "{D502A723-FC08-4D61-88CE-AAFC67CB4C53}"
EndProject
Project("{9A19103F-16F7-4668-BE54-9A1E7A4F7556}") = "PiranhaCMS.Common", "PiranhaCMS.Extensions\PiranhaCMS.Common.csproj", "{C8A2A048-2B7E-4EDE-9A8A-D598D4BEF12C}"
EndProject
Project("{9A19103F-16F7-4668-BE54-9A1E7A4F7556}") = "PiranhaCMS.Validators", "PiranhaCMS.Validators\PiranhaCMS.Validators.csproj", "{531E8141-06BF-473A-BF4D-2D022DC26371}"
EndProject
Global
	GlobalSection(SolutionConfigurationPlatforms) = preSolution
		Debug|Any CPU = Debug|Any CPU
		Release|Any CPU = Release|Any CPU
	EndGlobalSection
	GlobalSection(ProjectConfigurationPlatforms) = postSolution
		{BCE4C9AB-5076-4E14-A8D7-BE0EC80B1BD9}.Debug|Any CPU.ActiveCfg = Debug|Any CPU
		{BCE4C9AB-5076-4E14-A8D7-BE0EC80B1BD9}.Debug|Any CPU.Build.0 = Debug|Any CPU
		{BCE4C9AB-5076-4E14-A8D7-BE0EC80B1BD9}.Release|Any CPU.ActiveCfg = Release|Any CPU
		{BCE4C9AB-5076-4E14-A8D7-BE0EC80B1BD9}.Release|Any CPU.Build.0 = Release|Any CPU
		{D502A723-FC08-4D61-88CE-AAFC67CB4C53}.Debug|Any CPU.ActiveCfg = Debug|Any CPU
		{D502A723-FC08-4D61-88CE-AAFC67CB4C53}.Debug|Any CPU.Build.0 = Debug|Any CPU
		{D502A723-FC08-4D61-88CE-AAFC67CB4C53}.Release|Any CPU.ActiveCfg = Release|Any CPU
		{D502A723-FC08-4D61-88CE-AAFC67CB4C53}.Release|Any CPU.Build.0 = Release|Any CPU
		{C8A2A048-2B7E-4EDE-9A8A-D598D4BEF12C}.Debug|Any CPU.ActiveCfg = Debug|Any CPU
		{C8A2A048-2B7E-4EDE-9A8A-D598D4BEF12C}.Debug|Any CPU.Build.0 = Debug|Any CPU
		{C8A2A048-2B7E-4EDE-9A8A-D598D4BEF12C}.Release|Any CPU.ActiveCfg = Release|Any CPU
		{C8A2A048-2B7E-4EDE-9A8A-D598D4BEF12C}.Release|Any CPU.Build.0 = Release|Any CPU
		{531E8141-06BF-473A-BF4D-2D022DC26371}.Debug|Any CPU.ActiveCfg = Debug|Any CPU
		{531E8141-06BF-473A-BF4D-2D022DC26371}.Debug|Any CPU.Build.0 = Debug|Any CPU
		{531E8141-06BF-473A-BF4D-2D022DC26371}.Release|Any CPU.ActiveCfg = Release|Any CPU
		{531E8141-06BF-473A-BF4D-2D022DC26371}.Release|Any CPU.Build.0 = Release|Any CPU
	EndGlobalSection
	GlobalSection(SolutionProperties) = preSolution
		HideSolutionNode = FALSE
	EndGlobalSection
	GlobalSection(ExtensibilityGlobals) = postSolution
		SolutionGuid = {55912B76-2495-4CFB-B907-9B515214FAFB}
	EndGlobalSection
EndGlobal
